
Microsoft Visual Studio Solution File, Format Version 12.00
# Visual Studio Version 17
VisualStudioVersion = 17.9.34728.123
MinimumVisualStudioVersion = 10.0.40219.1
Project("{FAE04EC0-301F-11D3-BF4B-00C04F79EFBC}") = "WebAppTiendaDelivery", "WebAppTiendaDelivery\WebAppTiendaDelivery.csproj", "{E9C2C3A0-A97A-43DA-8FDF-F6EE2C586038}"
EndProject
Project("{2150E333-8FDC-42A3-9474-1A3956D46DE8}") = "Dominio", "Dominio", "{C48758A1-91E2-4AE6-9615-A8F84C795412}"
EndProject
Project("{2150E333-8FDC-42A3-9474-1A3956D46DE8}") = "Entidades", "Entidades", "{4FFA3C36-3778-4EE0-95DB-AE8A0141CE2A}"
EndProject
Project("{2150E333-8FDC-42A3-9474-1A3956D46DE8}") = "Negocio", "Negocio", "{052B82DD-23FD-4CD8-9619-3C2C742DF2FB}"
EndProject
Project("{2150E333-8FDC-42A3-9474-1A3956D46DE8}") = "Infraestructura", "Infraestructura", "{331923CB-8D7A-4B45-ACD6-60664304FE0D}"
EndProject
Project("{2150E333-8FDC-42A3-9474-1A3956D46DE8}") = "Data", "Data", "{C854A39D-A3B9-4D90-A80C-13857BA03319}"
EndProject
Project("{2150E333-8FDC-42A3-9474-1A3956D46DE8}") = "Presentacion", "Presentacion", "{189D43AE-6B62-4A33-B247-EC7F07C2DC3D}"
EndProject
Project("{2150E333-8FDC-42A3-9474-1A3956D46DE8}") = "Web", "Web", "{C2CBB79F-A301-453F-B668-5A62FCB2A587}"
EndProject
Project("{2150E333-8FDC-42A3-9474-1A3956D46DE8}") = "ASP.NET.MVC", "ASP.NET.MVC", "{A506A05E-2EDD-4D53-8B86-AC4E7A96FA41}"
EndProject
Project("{FAE04EC0-301F-11D3-BF4B-00C04F79EFBC}") = "Dominio.Entidades", "Dominio.Entidades\Dominio.Entidades.csproj", "{72771AA0-D6C4-48FF-89AC-B54D47141E1F}"
EndProject
Project("{FAE04EC0-301F-11D3-BF4B-00C04F79EFBC}") = "Infraestructura.Data.SqlServer", "Infraestructura.Data.SqlServer\Infraestructura.Data.SqlServer.csproj", "{D2E2108F-669E-4C9F-92B9-3FB0B58DC710}"
EndProject
Project("{FAE04EC0-301F-11D3-BF4B-00C04F79EFBC}") = "Dominio.Negocio", "Dominio.Negocio\Dominio.Negocio.csproj", "{5D924853-1E1E-44E2-A400-B4F6029F7889}"
EndProject
Global
	GlobalSection(SolutionConfigurationPlatforms) = preSolution
		Debug|Any CPU = Debug|Any CPU
		Release|Any CPU = Release|Any CPU
	EndGlobalSection
	GlobalSection(ProjectConfigurationPlatforms) = postSolution
		{E9C2C3A0-A97A-43DA-8FDF-F6EE2C586038}.Debug|Any CPU.ActiveCfg = Debug|Any CPU
		{E9C2C3A0-A97A-43DA-8FDF-F6EE2C586038}.Debug|Any CPU.Build.0 = Debug|Any CPU
		{E9C2C3A0-A97A-43DA-8FDF-F6EE2C586038}.Release|Any CPU.ActiveCfg = Release|Any CPU
		{E9C2C3A0-A97A-43DA-8FDF-F6EE2C586038}.Release|Any CPU.Build.0 = Release|Any CPU
		{72771AA0-D6C4-48FF-89AC-B54D47141E1F}.Debug|Any CPU.ActiveCfg = Debug|Any CPU
		{72771AA0-D6C4-48FF-89AC-B54D47141E1F}.Debug|Any CPU.Build.0 = Debug|Any CPU
		{72771AA0-D6C4-48FF-89AC-B54D47141E1F}.Release|Any CPU.ActiveCfg = Release|Any CPU
		{72771AA0-D6C4-48FF-89AC-B54D47141E1F}.Release|Any CPU.Build.0 = Release|Any CPU
		{D2E2108F-669E-4C9F-92B9-3FB0B58DC710}.Debug|Any CPU.ActiveCfg = Debug|Any CPU
		{D2E2108F-669E-4C9F-92B9-3FB0B58DC710}.Debug|Any CPU.Build.0 = Debug|Any CPU
		{D2E2108F-669E-4C9F-92B9-3FB0B58DC710}.Release|Any CPU.ActiveCfg = Release|Any CPU
		{D2E2108F-669E-4C9F-92B9-3FB0B58DC710}.Release|Any CPU.Build.0 = Release|Any CPU
		{5D924853-1E1E-44E2-A400-B4F6029F7889}.Debug|Any CPU.ActiveCfg = Debug|Any CPU
		{5D924853-1E1E-44E2-A400-B4F6029F7889}.Debug|Any CPU.Build.0 = Debug|Any CPU
		{5D924853-1E1E-44E2-A400-B4F6029F7889}.Release|Any CPU.ActiveCfg = Release|Any CPU
		{5D924853-1E1E-44E2-A400-B4F6029F7889}.Release|Any CPU.Build.0 = Release|Any CPU
	EndGlobalSection
	GlobalSection(SolutionProperties) = preSolution
		HideSolutionNode = FALSE
	EndGlobalSection
	GlobalSection(NestedProjects) = preSolution
		{E9C2C3A0-A97A-43DA-8FDF-F6EE2C586038} = {A506A05E-2EDD-4D53-8B86-AC4E7A96FA41}
		{4FFA3C36-3778-4EE0-95DB-AE8A0141CE2A} = {C48758A1-91E2-4AE6-9615-A8F84C795412}
		{052B82DD-23FD-4CD8-9619-3C2C742DF2FB} = {C48758A1-91E2-4AE6-9615-A8F84C795412}
		{C854A39D-A3B9-4D90-A80C-13857BA03319} = {331923CB-8D7A-4B45-ACD6-60664304FE0D}
		{C2CBB79F-A301-453F-B668-5A62FCB2A587} = {189D43AE-6B62-4A33-B247-EC7F07C2DC3D}
		{A506A05E-2EDD-4D53-8B86-AC4E7A96FA41} = {C2CBB79F-A301-453F-B668-5A62FCB2A587}
		{72771AA0-D6C4-48FF-89AC-B54D47141E1F} = {4FFA3C36-3778-4EE0-95DB-AE8A0141CE2A}
		{D2E2108F-669E-4C9F-92B9-3FB0B58DC710} = {C854A39D-A3B9-4D90-A80C-13857BA03319}
		{5D924853-1E1E-44E2-A400-B4F6029F7889} = {052B82DD-23FD-4CD8-9619-3C2C742DF2FB}
	EndGlobalSection
	GlobalSection(ExtensibilityGlobals) = postSolution
		SolutionGuid = {9A8DB666-DD7E-4537-9412-EABD98C06C61}
	EndGlobalSection
EndGlobal
